Microsoft Visual Studio Solution File, Format Version 12.00
# Visual Studio Version 17
VisualStudioVersion = 17.5.2.0
MinimumVisualStudioVersion = 10.0.40219.1
Project("{FAE04EC0-301F-11D3-BF4B-00C04F79EFBC}") = "SRP", "SRP\SRP.csproj", "{1CE8E752-435F-B6F4-D71C-9E7FF1A5F46F}"
EndProject
Global
	GlobalSection(SolutionConfigurationPlatforms) = preSolution
		Debug|Any CPU = Debug|Any CPU
		Release|Any CPU = Release|Any CPU
	EndGlobalSection
	GlobalSection(ProjectConfigurationPlatforms) = postSolution
		{1CE8E752-435F-B6F4-D71C-9E7FF1A5F46F}.Debug|Any CPU.ActiveCfg = Debug|Any CPU
		{1CE8E752-435F-B6F4-D71C-9E7FF1A5F46F}.Debug|Any CPU.Build.0 = Debug|Any CPU
		{1CE8E752-435F-B6F4-D71C-9E7FF1A5F46F}.Release|Any CPU.ActiveCfg = Release|Any CPU
		{1CE8E752-435F-B6F4-D71C-9E7FF1A5F46F}.Release|Any CPU.Build.0 = Release|Any CPU
	EndGlobalSection
	GlobalSection(SolutionProperties) = preSolution
		HideSolutionNode = FALSE
	EndGlobalSection
	GlobalSection(ExtensibilityGlobals) = postSolution
		SolutionGuid = {47DEAAC4-EBD4-4294-B8C7-EFB2F4BB2886}
	EndGlobalSection
EndGlobal
